// !$*UTF8*$!
{
	archiveVersion = 1;
	classes = {
	};
	objectVersion = 50;
	objects = {

/* Begin PBXBuildFile section */
		D868992B207B677D00C7B5A5 /* PhotoDataSource.swift in Sources */ = {isa = PBXBuildFile; fileRef = D868992A207B677D00C7B5A5 /* PhotoDataSource.swift */; };
		D868992D207BB75800C7B5A5 /* PhotoCollectionViewCell.swift in Sources */ = {isa = PBXBuildFile; fileRef = D868992C207BB75800C7B5A5 /* PhotoCollectionViewCell.swift */; };
		D868992F207BBE0A00C7B5A5 /* ImageStore.swift in Sources */ = {isa = PBXBuildFile; fileRef = D868992E207BBE0A00C7B5A5 /* ImageStore.swift */; };
		D8689931207BBF6500C7B5A5 /* PhotoInfoViewController.swift in Sources */ = {isa = PBXBuildFile; fileRef = D8689930207BBF6500C7B5A5 /* PhotoInfoViewController.swift */; };
		D86F644E207D139F00AF35CF /* Photorama.xcdatamodeld in Sources */ = {isa = PBXBuildFile; fileRef = D86F644C207D139F00AF35CF /* Photorama.xcdatamodeld */; };
		D86F6451207D196600AF35CF /* Photo+CoreDataClass.swift in Sources */ = {isa = PBXBuildFile; fileRef = D86F644F207D196600AF35CF /* Photo+CoreDataClass.swift */; };
		D8787F57208068B100853AA6 /* Photo+CoreDataProperties.swift in Sources */ = {isa = PBXBuildFile; fileRef = D8787F56208068B100853AA6 /* Photo+CoreDataProperties.swift */; };
		D88D3F7B2079AA1D0002F44F /* AppDelegate.swift in Sources */ = {isa = PBXBuildFile; fileRef = D88D3F7A2079AA1D0002F44F /* AppDelegate.swift */; };
		D88D3F802079AA1D0002F44F /* Main.storyboard in Resources */ = {isa = PBXBuildFile; fileRef = D88D3F7E2079AA1D0002F44F /* Main.storyboard */; };
		D88D3F822079AA1E0002F44F /* Assets.xcassets in Resources */ = {isa = PBXBuildFile; fileRef = D88D3F812079AA1E0002F44F /* Assets.xcassets */; };
		D88D3F852079AA1E0002F44F /* LaunchScreen.storyboard in Resources */ = {isa = PBXBuildFile; fileRef = D88D3F832079AA1E0002F44F /* LaunchScreen.storyboard */; };
		D88D3F8D2079AA3E0002F44F /* PhotosViewController.swift in Sources */ = {isa = PBXBuildFile; fileRef = D88D3F8C2079AA3E0002F44F /* PhotosViewController.swift */; };
		D88D3F8F2079AB270002F44F /* FlickrAPI.swift in Sources */ = {isa = PBXBuildFile; fileRef = D88D3F8E2079AB270002F44F /* FlickrAPI.swift */; };
		D88D3F912079B4EF0002F44F /* PhotoStore.swift in Sources */ = {isa = PBXBuildFile; fileRef = D88D3F902079B4EF0002F44F /* PhotoStore.swift */; };
/* End PBXBuildFile section */

/* Begin PBXFileReference section */
		D868992A207B677D00C7B5A5 /* PhotoDataSource.swift */ = {isa = PBXFileReference; lastKnownFileType = sourcecode.swift; path = PhotoDataSource.swift; sourceTree = "<group>"; };
		D868992C207BB75800C7B5A5 /* PhotoCollectionViewCell.swift */ = {isa = PBXFileReference; lastKnownFileType = sourcecode.swift; path = PhotoCollectionViewCell.swift; sourceTree = "<group>"; };
		D868992E207BBE0A00C7B5A5 /* ImageStore.swift */ = {isa = PBXFileReference; fileEncoding = 4; lastKnownFileType = sourcecode.swift; name = ImageStore.swift; path = ../../Homepwner/Homepwner/ImageStore.swift; sourceTree = "<group>"; };
		D8689930207BBF6500C7B5A5 /* PhotoInfoViewController.swift */ = {isa = PBXFileReference; lastKnownFileType = sourcecode.swift; path = PhotoInfoViewController.swift; sourceTree = "<group>"; };
		D86F644D207D139F00AF35CF /* Photorama.xcdatamodel */ = {isa = PBXFileReference; lastKnownFileType = wrapper.xcdatamodel; path = Photorama.xcdatamodel; sourceTree = "<group>"; };
		D86F644F207D196600AF35CF /* Photo+CoreDataClass.swift */ = {isa = PBXFileReference; lastKnownFileType = sourcecode.swift; path = "Photo+CoreDataClass.swift"; sourceTree = "<group>"; };
		D8787F56208068B100853AA6 /* Photo+CoreDataProperties.swift */ = {isa = PBXFileReference; lastKnownFileType = sourcecode.swift; path = "Photo+CoreDataProperties.swift"; sourceTree = "<group>"; };
		D88D3F772079AA1D0002F44F /* Photorama.app */ = {isa = PBXFileReference; explicitFileType = wrapper.application; includeInIndex = 0; path = Photorama.app; sourceTree = BUILT_PRODUCTS_DIR; };
		D88D3F7A2079AA1D0002F44F /* AppDelegate.swift */ = {isa = PBXFileReference; lastKnownFileType = sourcecode.swift; path = AppDelegate.swift; sourceTree = "<group>"; };
		D88D3F7F2079AA1D0002F44F /* Base */ = {isa = PBXFileReference; lastKnownFileType = file.storyboard; name = Base; path = Base.lproj/Main.storyboard; sourceTree = "<group>"; };
		D88D3F812079AA1E0002F44F /* Assets.xcassets */ = {isa = PBXFileReference; lastKnownFileType = folder.assetcatalog; path = Assets.xcassets; sourceTree = "<group>"; };
		D88D3F842079AA1E0002F44F /* Base */ = {isa = PBXFileReference; lastKnownFileType = file.storyboard; name = Base; path = Base.lproj/LaunchScreen.storyboard; sourceTree = "<group>"; };
		D88D3F862079AA1E0002F44F /* Info.plist */ = {isa = PBXFileReference; lastKnownFileType = text.plist.xml; path = Info.plist; sourceTree = "<group>"; };
		D88D3F8C2079AA3E0002F44F /* PhotosViewController.swift */ = {isa = PBXFileReference; lastKnownFileType = sourcecode.swift; path = PhotosViewController.swift; sourceTree = "<group>"; };
		D88D3F8E2079AB270002F44F /* FlickrAPI.swift */ = {isa = PBXFileReference; lastKnownFileType = sourcecode.swift; path = FlickrAPI.swift; sourceTree = "<group>"; };
		D88D3F902079B4EF0002F44F /* PhotoStore.swift */ = {isa = PBXFileReference; lastKnownFileType = sourcecode.swift; path = PhotoStore.swift; sourceTree = "<group>"; };
/* End PBXFileReference section */

/* Begin PBXFrameworksBuildPhase section */
		D88D3F742079AA1D0002F44F /* Frameworks */ = {
			isa = PBXFrameworksBuildPhase;
			buildActionMask = 2147483647;
			files = (
			);
			runOnlyForDeploymentPostprocessing = 0;
		};
/* End PBXFrameworksBuildPhase section */

/* Begin PBXGroup section */
		D88D3F6E2079AA1D0002F44F = {
			isa = PBXGroup;
			children = (
				D8787F56208068B100853AA6 /* Photo+CoreDataProperties.swift */,
				D86F644F207D196600AF35CF /* Photo+CoreDataClass.swift */,
				D88D3F792079AA1D0002F44F /* Photorama */,
				D88D3F782079AA1D0002F44F /* Products */,
			);
			sourceTree = "<group>";
		};
		D88D3F782079AA1D0002F44F /* Products */ = {
			isa = PBXGroup;
			children = (
				D88D3F772079AA1D0002F44F /* Photorama.app */,
			);
			name = Products;
			sourceTree = "<group>";
		};
		D88D3F792079AA1D0002F44F /* Photorama */ = {
			isa = PBXGroup;
			children = (
				D88D3F7A2079AA1D0002F44F /* AppDelegate.swift */,
				D88D3F8E2079AB270002F44F /* FlickrAPI.swift */,
				D88D3F902079B4EF0002F44F /* PhotoStore.swift */,
				D868992E207BBE0A00C7B5A5 /* ImageStore.swift */,
				D868992A207B677D00C7B5A5 /* PhotoDataSource.swift */,
				D868992C207BB75800C7B5A5 /* PhotoCollectionViewCell.swift */,
				D88D3F8C2079AA3E0002F44F /* PhotosViewController.swift */,
				D8689930207BBF6500C7B5A5 /* PhotoInfoViewController.swift */,
				D86F644C207D139F00AF35CF /* Photorama.xcdatamodeld */,
				D88D3F7E2079AA1D0002F44F /* Main.storyboard */,
				D88D3F812079AA1E0002F44F /* Assets.xcassets */,
				D88D3F832079AA1E0002F44F /* LaunchScreen.storyboard */,
				D88D3F862079AA1E0002F44F /* Info.plist */,
			);
			path = Photorama;
			sourceTree = "<group>";
		};
/* End PBXGroup section */

/* Begin PBXNativeTarget section */
		D88D3F762079AA1D0002F44F /* Photorama */ = {
			isa = PBXNativeTarget;
			buildConfigurationList = D88D3F892079AA1E0002F44F /* Build configuration list for PBXNativeTarget "Photorama" */;
			buildPhases = (
				D88D3F732079AA1D0002F44F /* Sources */,
				D88D3F742079AA1D0002F44F /* Frameworks */,
				D88D3F752079AA1D0002F44F /* Resources */,
			);
			buildRules = (
			);
			dependencies = (
			);
			name = Photorama;
			productName = Photorama;
			productReference = D88D3F772079AA1D0002F44F /* Photorama.app */;
			productType = "com.apple.product-type.application";
		};
/* End PBXNativeTarget section */

/* Begin PBXProject section */
		D88D3F6F2079AA1D0002F44F /* Project object */ = {
			isa = PBXProject;
			attributes = {
				LastSwiftUpdateCheck = 0930;
				LastUpgradeCheck = 0930;
				ORGANIZATIONNAME = "Doan Le Thieu";
				TargetAttributes = {
					D88D3F762079AA1D0002F44F = {
						CreatedOnToolsVersion = 9.3;
					};
				};
			};
			buildConfigurationList = D88D3F722079AA1D0002F44F /* Build configuration list for PBXProject "Photorama" */;
			compatibilityVersion = "Xcode 9.3";
			developmentRegion = en;
			hasScannedForEncodings = 0;
			knownRegions = (
				en,
				Base,
			);
			mainGroup = D88D3F6E2079AA1D0002F44F;
			productRefGroup = D88D3F782079AA1D0002F44F /* Products */;
			projectDirPath = "";
			projectRoot = "";
			targets = (
				D88D3F762079AA1D0002F44F /* Photorama */,
			);
		};
/* End PBXProject section */

/* Begin PBXResourcesBuildPhase section */
		D88D3F752079AA1D0002F44F /* Resources */ = {
			isa = PBXResourcesBuildPhase;
			buildActionMask = 2147483647;
			files = (
				D88D3F852079AA1E0002F44F /* LaunchScreen.storyboard in Resources */,
				D88D3F822079AA1E0002F44F /* Assets.xcassets in Resources */,
				D88D3F802079AA1D0002F44F /* Main.storyboard in Resources */,
			);
			runOnlyForDeploymentPostprocessing = 0;
		};
/* End PBXResourcesBuildPhase section */

/* Begin PBXSourcesBuildPhase section */
		D88D3F732079AA1D0002F44F /* Sources */ = {
			isa = PBXSourcesBuildPhase;
			buildActionMask = 2147483647;
			files = (
				D86F6451207D196600AF35CF /* Photo+CoreDataClass.swift in Sources */,
				D88D3F8F2079AB270002F44F /* FlickrAPI.swift in Sources */,
				D88D3F7B2079AA1D0002F44F /* AppDelegate.swift in Sources */,
				D88D3F912079B4EF0002F44F /* PhotoStore.swift in Sources */,
				D868992F207BBE0A00C7B5A5 /* ImageStore.swift in Sources */,
				D868992B207B677D00C7B5A5 /* PhotoDataSource.swift in Sources */,
				D86F644E207D139F00AF35CF /* Photorama.xcdatamodeld in Sources */,
				D868992D207BB75800C7B5A5 /* PhotoCollectionViewCell.swift in Sources */,
				D8787F57208068B100853AA6 /* Photo+CoreDataProperties.swift in Sources */,
				D88D3F8D2079AA3E0002F44F /* PhotosViewController.swift in Sources */,
				D8689931207BBF6500C7B5A5 /* PhotoInfoViewController.swift in Sources */,
			);
			runOnlyForDeploymentPostprocessing = 0;
		};
/* End PBXSourcesBuildPhase section */

/* Begin PBXVariantGroup section */
		D88D3F7E2079AA1D0002F44F /* Main.storyboard */ = {
			isa = PBXVariantGroup;
			children = (
				D88D3F7F2079AA1D0002F44F /* Base */,
			);
			name = Main.storyboard;
			sourceTree = "<group>";
		};
		D88D3F832079AA1E0002F44F /* LaunchScreen.storyboard */ = {
			isa = PBXVariantGroup;
			children = (
				D88D3F842079AA1E0002F44F /* Base */,
			);
			name = LaunchScreen.storyboard;
			sourceTree = "<group>";
		};
/* End PBXVariantGroup section */

/* Begin XCBuildConfiguration section */
		D88D3F872079AA1E0002F44F /* Debug */ = {
			isa = XCBuildConfiguration;
			buildSettings = {
				ALWAYS_SEARCH_USER_PATHS = NO;
				CLANG_ANALYZER_NONNULL = YES;
				CLANG_ANALYZER_NUMBER_OBJECT_CONVERSION = YES_AGGRESSIVE;
				CLANG_CXX_LANGUAGE_STANDARD = "gnu++14";
				CLANG_CXX_LIBRARY = "libc++";
				CLANG_ENABLE_MODULES = YES;
				CLANG_ENABLE_OBJC_ARC = YES;
				CLANG_ENABLE_OBJC_WEAK = YES;
				CLANG_WARN_BLOCK_CAPTURE_AUTORELEASING = YES;
				CLANG_WARN_BOOL_CONVERSION = YES;
				CLANG_WARN_COMMA = YES;
				CLANG_WARN_CONSTANT_CONVERSION = YES;
				CLANG_WARN_DEPRECATED_OBJC_IMPLEMENTATIONS = YES;
				CLANG_WARN_DIRECT_OBJC_ISA_USAGE = YES_ERROR;
				CLANG_WARN_DOCUMENTATION_COMMENTS = YES;
				CLANG_WARN_EMPTY_BODY = YES;
				CLANG_WARN_ENUM_CONVERSION = YES;
				CLANG_WARN_INFINITE_RECURSION = YES;
				CLANG_WARN_INT_CONVERSION = YES;
				CLANG_WARN_NON_LITERAL_NULL_CONVERSION = YES;
				CLANG_WARN_OBJC_IMPLICIT_RETAIN_SELF = YES;
				CLANG_WARN_OBJC_LITERAL_CONVERSION = YES;
				CLANG_WARN_OBJC_ROOT_CLASS = YES_ERROR;
				CLANG_WARN_RANGE_LOOP_ANALYSIS = YES;
				CLANG_WARN_STRICT_PROTOTYPES = YES;
				CLANG_WARN_SUSPICIOUS_MOVE = YES;
				CLANG_WARN_UNGUARDED_AVAILABILITY = YES_AGGRESSIVE;
				CLANG_WARN_UNREACHABLE_CODE = YES;
				CLANG_WARN__DUPLICATE_METHOD_MATCH = YES;
				CODE_SIGN_IDENTITY = "iPhone Developer";
				COPY_PHASE_STRIP = NO;
				DEBUG_INFORMATION_FORMAT = dwarf;
				ENABLE_STRICT_OBJC_MSGSEND = YES;
				ENABLE_TESTABILITY = YES;
				GCC_C_LANGUAGE_STANDARD = gnu11;
				GCC_DYNAMIC_NO_PIC = NO;
				GCC_NO_COMMON_BLOCKS = YES;
				GCC_OPTIMIZATION_LEVEL = 0;
				GCC_PREPROCESSOR_DEFINITIONS = (
					"DEBUG=1",
					"$(inherited)",
				);
				GCC_WARN_64_TO_32_BIT_CONVERSION = YES;
				GCC_WARN_ABOUT_RETURN_TYPE = YES_ERROR;
				GCC_WARN_UNDECLARED_SELECTOR = YES;
				GCC_WARN_UNINITIALIZED_AUTOS = YES_AGGRESSIVE;
				GCC_WARN_UNUSED_FUNCTION = YES;
				GCC_WARN_UNUSED_VARIABLE = YES;
				IPHONEOS_DEPLOYMENT_TARGET = 11.3;
				MTL_ENABLE_DEBUG_INFO = YES;
				ONLY_ACTIVE_ARCH = YES;
				SDKROOT = iphoneos;
				SWIFT_ACTIVE_COMPILATION_CONDITIONS = DEBUG;
				SWIFT_OPTIMIZATION_LEVEL = "-Onone";
			};
			name = Debug;
		};
		D88D3F882079AA1E0002F44F /* Release */ = {
			isa = XCBuildConfiguration;
			buildSettings = {
				ALWAYS_SEARCH_USER_PATHS = NO;
				CLANG_ANALYZER_NONNULL = YES;
				CLANG_ANALYZER_NUMBER_OBJECT_CONVERSION = YES_AGGRESSIVE;
				CLANG_CXX_LANGUAGE_STANDARD = "gnu++14";
				CLANG_CXX_LIBRARY = "libc++";
				CLANG_ENABLE_MODULES = YES;
				CLANG_ENABLE_OBJC_ARC = YES;
				CLANG_ENABLE_OBJC_WEAK = YES;
				CLANG_WARN_BLOCK_CAPTURE_AUTORELEASING = YES;
				CLANG_WARN_BOOL_CONVERSION = YES;
				CLANG_WARN_COMMA = YES;
				CLANG_WARN_CONSTANT_CONVERSION = YES;
				CLANG_WARN_DEPRECATED_OBJC_IMPLEMENTATIONS = YES;
				CLANG_WARN_DIRECT_OBJC_ISA_USAGE = YES_ERROR;
				CLANG_WARN_DOCUMENTATION_COMMENTS = YES;
				CLANG_WARN_EMPTY_BODY = YES;
				CLANG_WARN_ENUM_CONVERSION = YES;
				CLANG_WARN_INFINITE_RECURSION = YES;
				CLANG_WARN_INT_CONVERSION = YES;
				CLANG_WARN_NON_LITERAL_NULL_CONVERSION = YES;
				CLANG_WARN_OBJC_IMPLICIT_RETAIN_SELF = YES;
				CLANG_WARN_OBJC_LITERAL_CONVERSION = YES;
				CLANG_WARN_OBJC_ROOT_CLASS = YES_ERROR;
				CLANG_WARN_RANGE_LOOP_ANALYSIS = YES;
				CLANG_WARN_STRICT_PROTOTYPES = YES;
				CLANG_WARN_SUSPICIOUS_MOVE = YES;
				CLANG_WARN_UNGUARDED_AVAILABILITY = YES_AGGRESSIVE;
				CLANG_WARN_UNREACHABLE_CODE = YES;
				CLANG_WARN__DUPLICATE_METHOD_MATCH = YES;
				CODE_SIGN_IDENTITY = "iPhone Developer";
				COPY_PHASE_STRIP = NO;
				DEBUG_INFORMATION_FORMAT = "dwarf-with-dsym";
				ENABLE_NS_ASSERTIONS = NO;
				ENABLE_STRICT_OBJC_MSGSEND = YES;
				GCC_C_LANGUAGE_STANDARD = gnu11;
				GCC_NO_COMMON_BLOCKS = YES;
				GCC_WARN_64_TO_32_BIT_CONVERSION = YES;
				GCC_WARN_ABOUT_RETURN_TYPE = YES_ERROR;
				GCC_WARN_UNDECLARED_SELECTOR = YES;
				GCC_WARN_UNINITIALIZED_AUTOS = YES_AGGRESSIVE;
				GCC_WARN_UNUSED_FUNCTION = YES;
				GCC_WARN_UNUSED_VARIABLE = YES;
				IPHONEOS_DEPLOYMENT_TARGET = 11.3;
				MTL_ENABLE_DEBUG_INFO = NO;
				SDKROOT = iphoneos;
				SWIFT_COMPILATION_MODE = wholemodule;
				SWIFT_OPTIMIZATION_LEVEL = "-O";
				VALIDATE_PRODUCT = YES;
			};
			name = Release;
		};
		D88D3F8A2079AA1E0002F44F /* Debug */ = {
			isa = XCBuildConfiguration;
			buildSettings = {
				ASSETCATALOG_COMPILER_APPICON_NAME = AppIcon;
				CODE_SIGN_STYLE = Automatic;
				INFOPLIST_FILE = Photorama/Info.plist;
				LD_RUNPATH_SEARCH_PATHS = (
					"$(inherited)",
					"@executable_path/Frameworks",
				);
				PRODUCT_BUNDLE_IDENTIFIER = com.doanthieu.Photorama;
				PRODUCT_NAME = "$(TARGET_NAME)";
				SWIFT_VERSION = 4.0;
				TARGETED_DEVICE_FAMILY = "1,2";
			};
			name = Debug;
		};
		D88D3F8B2079AA1E0002F44F /* Release */ = {
			isa = XCBuildConfiguration;
			buildSettings = {
				ASSETCATALOG_COMPILER_APPICON_NAME = AppIcon;
				CODE_SIGN_STYLE = Automatic;
				INFOPLIST_FILE = Photorama/Info.plist;
				LD_RUNPATH_SEARCH_PATHS = (
					"$(inherited)",
					"@executable_path/Frameworks",
				);
				PRODUCT_BUNDLE_IDENTIFIER = com.doanthieu.Photorama;
				PRODUCT_NAME = "$(TARGET_NAME)";
				SWIFT_VERSION = 4.0;
				TARGETED_DEVICE_FAMILY = "1,2";
			};
			name = Release;
		};
/* End XCBuildConfiguration section */

/* Begin XCConfigurationList section */
		D88D3F722079AA1D0002F44F /* Build configuration list for PBXProject "Photorama" */ = {
			isa = XCConfigurationList;
			buildConfigurations = (
				D88D3F872079AA1E0002F44F /* Debug */,
				D88D3F882079AA1E0002F44F /* Release */,
			);
			defaultConfigurationIsVisible = 0;
			defaultConfigurationName = Release;
		};
		D88D3F892079AA1E0002F44F /* Build configuration list for PBXNativeTarget "Photorama" */ = {
			isa = XCConfigurationList;
			buildConfigurations = (
				D88D3F8A2079AA1E0002F44F /* Debug */,
				D88D3F8B2079AA1E0002F44F /* Release */,
			);
			defaultConfigurationIsVisible = 0;
			defaultConfigurationName = Release;
		};
/* End XCConfigurationList section */

/* Begin XCVersionGroup section */
		D86F644C207D139F00AF35CF /* Photorama.xcdatamodeld */ = {
			isa = XCVersionGroup;
			children = (
				D86F644D207D139F00AF35CF /* Photorama.xcdatamodel */,
			);
			currentVersion = D86F644D207D139F00AF35CF /* Photorama.xcdatamodel */;
			path = Photorama.xcdatamodeld;
			sourceTree = "<group>";
			versionGroupType = wrapper.xcdatamodel;
		};
/* End XCVersionGroup section */
	};
	rootObject = D88D3F6F2079AA1D0002F44F /* Project object */;
}
